
Microsoft Visual Studio Solution File, Format Version 12.00
# Visual Studio Version 16
VisualStudioVersion = 16.0.33927.289
MinimumVisualStudioVersion = 10.0.40219.1
Project("{2150E333-8FDC-42A3-9474-1A3956D46DE8}") = "Task0", "Task0", "{EE563289-60AF-4B46-ABD4-6C1E602690F9}"
EndProject
Project("{FAE04EC0-301F-11D3-BF4B-00C04F79EFBC}") = "Tyuiu.MarinenkovaKD.Sprint3.Task0.V16", "Tyuiu.MarinenkovaKD.Sprint3.Task0.V16\Tyuiu.MarinenkovaKD.Sprint3.Task0.V16.csproj", "{6C5259B2-66CA-49BE-B311-671D26F8D1AE}"
EndProject
Project("{FAE04EC0-301F-11D3-BF4B-00C04F79EFBC}") = "Tyuiu.MarinenkovaKD.Sprint3.Task0.V16.Lib", "Tyuiu.MarinenkovaKD.Sprint3.Task0.V16.Lib\Tyuiu.MarinenkovaKD.Sprint3.Task0.V16.Lib.csproj", "{D1EA0AC4-62B8-48C5-AF17-D8CCBAB1C312}"
EndProject
Project("{FAE04EC0-301F-11D3-BF4B-00C04F79EFBC}") = "Tyuiu.MarinenkovaKD.Sprint3.Task0.V16.Test", "Tyuiu.MarinenkovaKD.Sprint3.Task0.V16.Test\Tyuiu.MarinenkovaKD.Sprint3.Task0.V16.Test.csproj", "{37677380-2063-48CD-8B8E-5D091D2C52CF}"
EndProject
Project("{2150E333-8FDC-42A3-9474-1A3956D46DE8}") = "Task1", "Task1", "{7A3C7349-9169-4ADA-8D23-12FE3807B74E}"
EndProject
Project("{FAE04EC0-301F-11D3-BF4B-00C04F79EFBC}") = "Tyuiu.MarinenkovaKD.Sprint3.Task1.V15", "Tyuiu.MarinenkovaKD.Sprint3.Task1.V15\Tyuiu.MarinenkovaKD.Sprint3.Task1.V15.csproj", "{6B7C247E-94A4-439E-B8FF-83B08EC66FE2}"
EndProject
Project("{FAE04EC0-301F-11D3-BF4B-00C04F79EFBC}") = "Tyuiu.MarinenkovaKD.Sprint3.Task1.V15.Lib", "Tyuiu.MarinenkovaKD.Sprint3.Task1.V15.Lib\Tyuiu.MarinenkovaKD.Sprint3.Task1.V15.Lib.csproj", "{0F1A1DF3-6BE4-43A8-B244-374FCC735065}"
EndProject
Project("{FAE04EC0-301F-11D3-BF4B-00C04F79EFBC}") = "Tyuiu.MarinenkovaKD.Sprint3.Task1.V15.Test", "Tyuiu.MarinenkovaKD.Sprint3.Task1.V15.Test\Tyuiu.MarinenkovaKD.Sprint3.Task1.V15.Test.csproj", "{DB23C822-D7F7-4A35-BE87-3142E2762472}"
EndProject
Project("{2150E333-8FDC-42A3-9474-1A3956D46DE8}") = "Task2", "Task2", "{B67E7BD1-7B26-4236-9A6B-83C28718B74E}"
EndProject
Project("{FAE04EC0-301F-11D3-BF4B-00C04F79EFBC}") = "Tyuiu.MarinenkovaKD.Sprint3.Task2.V8", "Tyuiu.MarinenkovaKD.Sprint3.Task2.V8\Tyuiu.MarinenkovaKD.Sprint3.Task2.V8.csproj", "{727E7BC2-5556-42CB-AF89-5D92032D57B8}"
EndProject
Project("{FAE04EC0-301F-11D3-BF4B-00C04F79EFBC}") = "Tyuiu.MarinenkovaKD.Sprint3.Task2.V8.Lib", "Tyuiu.MarinenkovaKD.Sprint3.Task2.V8.Lib\Tyuiu.MarinenkovaKD.Sprint3.Task2.V8.Lib.csproj", "{8D9E26C2-D851-4DA3-924D-FAD9D1BE27F4}"
EndProject
Project("{FAE04EC0-301F-11D3-BF4B-00C04F79EFBC}") = "Tyuiu.MarinenkovaKD.Sprint3.Task2.V8.Test", "Tyuiu.MarinenkovaKD.Sprint3.Task2.V8.Test\Tyuiu.MarinenkovaKD.Sprint3.Task2.V8.Test.csproj", "{81E193B2-1152-4154-B791-CB0304828BF6}"
EndProject
Project("{2150E333-8FDC-42A3-9474-1A3956D46DE8}") = "Task3", "Task3", "{B62A0D0D-61DD-4C95-B88A-0FE7DE793B50}"
EndProject
Project("{FAE04EC0-301F-11D3-BF4B-00C04F79EFBC}") = "Tyuiu.MarinenkovaKD.Sprint3.Task3.V20", "Tyuiu.MarinenkovaKD.Sprint3.Task3.V20\Tyuiu.MarinenkovaKD.Sprint3.Task3.V20.csproj", "{E835F4E5-557E-427B-BA21-D654D83E45C6}"
EndProject
Project("{FAE04EC0-301F-11D3-BF4B-00C04F79EFBC}") = "Tyuiu.MarinenkovaKD.Sprint3.Task3.V20.Lib", "Tyuiu.MarinenkovaKD.Sprint3.Task3.V20.Lib\Tyuiu.MarinenkovaKD.Sprint3.Task3.V20.Lib.csproj", "{EE1B99DE-BB24-424F-B3AD-5CBE3E36A7D4}"
EndProject
Project("{FAE04EC0-301F-11D3-BF4B-00C04F79EFBC}") = "Tyuiu.MarinenkovaKD.Sprint3.Task3.V20.Test", "Tyuiu.MarinenkovaKD.Sprint3.Task3.V20.Test\Tyuiu.MarinenkovaKD.Sprint3.Task3.V20.Test.csproj", "{116E2214-0034-47D4-A895-295D80EC6058}"
EndProject
Project("{2150E333-8FDC-42A3-9474-1A3956D46DE8}") = "Task4", "Task4", "{C5AE62C0-AFB9-475B-A334-34FD1F321310}"
EndProject
Project("{FAE04EC0-301F-11D3-BF4B-00C04F79EFBC}") = "Tyuiu.MarinenkovaKD.Sprint3.Task4.V5", "Tyuiu.MarinenkovaKD.Sprint3.Task4.V5\Tyuiu.MarinenkovaKD.Sprint3.Task4.V5.csproj", "{8EEAC741-947B-4B2B-A542-BE90EF66BFE0}"
EndProject
Project("{FAE04EC0-301F-11D3-BF4B-00C04F79EFBC}") = "Tyuiu.MarinenkovaKD.Sprint3.Task4.V5.Lib", "Tyuiu.MarinenkovaKD.Sprint3.Task4.V5.Lib\Tyuiu.MarinenkovaKD.Sprint3.Task4.V5.Lib.csproj", "{3E7CCDD2-5089-4EAA-A87C-BADA85A6FAB5}"
EndProject
Project("{FAE04EC0-301F-11D3-BF4B-00C04F79EFBC}") = "Tyuiu.MarinenkovaKD.Sprint3.Task4.V5.Test", "Tyuiu.MarinenkovaKD.Sprint3.Task4.V5.Test\Tyuiu.MarinenkovaKD.Sprint3.Task4.V5.Test.csproj", "{7C097076-676F-410A-81D6-A74F86DBF910}"
EndProject
Global
	GlobalSection(SolutionConfigurationPlatforms) = preSolution
		Debug|Any CPU = Debug|Any CPU
		Release|Any CPU = Release|Any CPU
	EndGlobalSection
	GlobalSection(ProjectConfigurationPlatforms) = postSolution
		{6C5259B2-66CA-49BE-B311-671D26F8D1AE}.Debug|Any CPU.ActiveCfg = Debug|Any CPU
		{6C5259B2-66CA-49BE-B311-671D26F8D1AE}.Debug|Any CPU.Build.0 = Debug|Any CPU
		{6C5259B2-66CA-49BE-B311-671D26F8D1AE}.Release|Any CPU.ActiveCfg = Release|Any CPU
		{6C5259B2-66CA-49BE-B311-671D26F8D1AE}.Release|Any CPU.Build.0 = Release|Any CPU
		{D1EA0AC4-62B8-48C5-AF17-D8CCBAB1C312}.Debug|Any CPU.ActiveCfg = Debug|Any CPU
		{D1EA0AC4-62B8-48C5-AF17-D8CCBAB1C312}.Debug|Any CPU.Build.0 = Debug|Any CPU
		{D1EA0AC4-62B8-48C5-AF17-D8CCBAB1C312}.Release|Any CPU.ActiveCfg = Release|Any CPU
		{D1EA0AC4-62B8-48C5-AF17-D8CCBAB1C312}.Release|Any CPU.Build.0 = Release|Any CPU
		{37677380-2063-48CD-8B8E-5D091D2C52CF}.Debug|Any CPU.ActiveCfg = Debug|Any CPU
		{37677380-2063-48CD-8B8E-5D091D2C52CF}.Debug|Any CPU.Build.0 = Debug|Any CPU
		{37677380-2063-48CD-8B8E-5D091D2C52CF}.Release|Any CPU.ActiveCfg = Release|Any CPU
		{37677380-2063-48CD-8B8E-5D091D2C52CF}.Release|Any CPU.Build.0 = Release|Any CPU
		{6B7C247E-94A4-439E-B8FF-83B08EC66FE2}.Debug|Any CPU.ActiveCfg = Debug|Any CPU
		{6B7C247E-94A4-439E-B8FF-83B08EC66FE2}.Debug|Any CPU.Build.0 = Debug|Any CPU
		{6B7C247E-94A4-439E-B8FF-83B08EC66FE2}.Release|Any CPU.ActiveCfg = Release|Any CPU
		{6B7C247E-94A4-439E-B8FF-83B08EC66FE2}.Release|Any CPU.Build.0 = Release|Any CPU
		{0F1A1DF3-6BE4-43A8-B244-374FCC735065}.Debug|Any CPU.ActiveCfg = Debug|Any CPU
		{0F1A1DF3-6BE4-43A8-B244-374FCC735065}.Debug|Any CPU.Build.0 = Debug|Any CPU
		{0F1A1DF3-6BE4-43A8-B244-374FCC735065}.Release|Any CPU.ActiveCfg = Release|Any CPU
		{0F1A1DF3-6BE4-43A8-B244-374FCC735065}.Release|Any CPU.Build.0 = Release|Any CPU
		{DB23C822-D7F7-4A35-BE87-3142E2762472}.Debug|Any CPU.ActiveCfg = Debug|Any CPU
		{DB23C822-D7F7-4A35-BE87-3142E2762472}.Debug|Any CPU.Build.0 = Debug|Any CPU
		{DB23C822-D7F7-4A35-BE87-3142E2762472}.Release|Any CPU.ActiveCfg = Release|Any CPU
		{DB23C822-D7F7-4A35-BE87-3142E2762472}.Release|Any CPU.Build.0 = Release|Any CPU
		{727E7BC2-5556-42CB-AF89-5D92032D57B8}.Debug|Any CPU.ActiveCfg = Debug|Any CPU
		{727E7BC2-5556-42CB-AF89-5D92032D57B8}.Debug|Any CPU.Build.0 = Debug|Any CPU
		{727E7BC2-5556-42CB-AF89-5D92032D57B8}.Release|Any CPU.ActiveCfg = Release|Any CPU
		{727E7BC2-5556-42CB-AF89-5D92032D57B8}.Release|Any CPU.Build.0 = Release|Any CPU
		{8D9E26C2-D851-4DA3-924D-FAD9D1BE27F4}.Debug|Any CPU.ActiveCfg = Debug|Any CPU
		{8D9E26C2-D851-4DA3-924D-FAD9D1BE27F4}.Debug|Any CPU.Build.0 = Debug|Any CPU
		{8D9E26C2-D851-4DA3-924D-FAD9D1BE27F4}.Release|Any CPU.ActiveCfg = Release|Any CPU
		{8D9E26C2-D851-4DA3-924D-FAD9D1BE27F4}.Release|Any CPU.Build.0 = Release|Any CPU
		{81E193B2-1152-4154-B791-CB0304828BF6}.Debug|Any CPU.ActiveCfg = Debug|Any CPU
		{81E193B2-1152-4154-B791-CB0304828BF6}.Debug|Any CPU.Build.0 = Debug|Any CPU
		{81E193B2-1152-4154-B791-CB0304828BF6}.Release|Any CPU.ActiveCfg = Release|Any CPU
		{81E193B2-1152-4154-B791-CB0304828BF6}.Release|Any CPU.Build.0 = Release|Any CPU
		{E835F4E5-557E-427B-BA21-D654D83E45C6}.Debug|Any CPU.ActiveCfg = Debug|Any CPU
		{E835F4E5-557E-427B-BA21-D654D83E45C6}.Debug|Any CPU.Build.0 = Debug|Any CPU
		{E835F4E5-557E-427B-BA21-D654D83E45C6}.Release|Any CPU.ActiveCfg = Release|Any CPU
		{E835F4E5-557E-427B-BA21-D654D83E45C6}.Release|Any CPU.Build.0 = Release|Any CPU
		{EE1B99DE-BB24-424F-B3AD-5CBE3E36A7D4}.Debug|Any CPU.ActiveCfg = Debug|Any CPU
		{EE1B99DE-BB24-424F-B3AD-5CBE3E36A7D4}.Debug|Any CPU.Build.0 = Debug|Any CPU
		{EE1B99DE-BB24-424F-B3AD-5CBE3E36A7D4}.Release|Any CPU.ActiveCfg = Release|Any CPU
		{EE1B99DE-BB24-424F-B3AD-5CBE3E36A7D4}.Release|Any CPU.Build.0 = Release|Any CPU
		{116E2214-0034-47D4-A895-295D80EC6058}.Debug|Any CPU.ActiveCfg = Debug|Any CPU
		{116E2214-0034-47D4-A895-295D80EC6058}.Debug|Any CPU.Build.0 = Debug|Any CPU
		{116E2214-0034-47D4-A895-295D80EC6058}.Release|Any CPU.ActiveCfg = Release|Any CPU
		{116E2214-0034-47D4-A895-295D80EC6058}.Release|Any CPU.Build.0 = Release|Any CPU
		{8EEAC741-947B-4B2B-A542-BE90EF66BFE0}.Debug|Any CPU.ActiveCfg = Debug|Any CPU
		{8EEAC741-947B-4B2B-A542-BE90EF66BFE0}.Debug|Any CPU.Build.0 = Debug|Any CPU
		{8EEAC741-947B-4B2B-A542-BE90EF66BFE0}.Release|Any CPU.ActiveCfg = Release|Any CPU
		{8EEAC741-947B-4B2B-A542-BE90EF66BFE0}.Release|Any CPU.Build.0 = Release|Any CPU
		{3E7CCDD2-5089-4EAA-A87C-BADA85A6FAB5}.Debug|Any CPU.ActiveCfg = Debug|Any CPU
		{3E7CCDD2-5089-4EAA-A87C-BADA85A6FAB5}.Debug|Any CPU.Build.0 = Debug|Any CPU
		{3E7CCDD2-5089-4EAA-A87C-BADA85A6FAB5}.Release|Any CPU.ActiveCfg = Release|Any CPU
		{3E7CCDD2-5089-4EAA-A87C-BADA85A6FAB5}.Release|Any CPU.Build.0 = Release|Any CPU
		{7C097076-676F-410A-81D6-A74F86DBF910}.Debug|Any CPU.ActiveCfg = Debug|Any CPU
		{7C097076-676F-410A-81D6-A74F86DBF910}.Debug|Any CPU.Build.0 = Debug|Any CPU
		{7C097076-676F-410A-81D6-A74F86DBF910}.Release|Any CPU.ActiveCfg = Release|Any CPU
		{7C097076-676F-410A-81D6-A74F86DBF910}.Release|Any CPU.Build.0 = Release|Any CPU
	EndGlobalSection
	GlobalSection(SolutionProperties) = preSolution
		HideSolutionNode = FALSE
	EndGlobalSection
	GlobalSection(NestedProjects) = preSolution
		{6C5259B2-66CA-49BE-B311-671D26F8D1AE} = {EE563289-60AF-4B46-ABD4-6C1E602690F9}
		{D1EA0AC4-62B8-48C5-AF17-D8CCBAB1C312} = {EE563289-60AF-4B46-ABD4-6C1E602690F9}
		{37677380-2063-48CD-8B8E-5D091D2C52CF} = {EE563289-60AF-4B46-ABD4-6C1E602690F9}
		{6B7C247E-94A4-439E-B8FF-83B08EC66FE2} = {7A3C7349-9169-4ADA-8D23-12FE3807B74E}
		{0F1A1DF3-6BE4-43A8-B244-374FCC735065} = {7A3C7349-9169-4ADA-8D23-12FE3807B74E}
		{DB23C822-D7F7-4A35-BE87-3142E2762472} = {7A3C7349-9169-4ADA-8D23-12FE3807B74E}
		{727E7BC2-5556-42CB-AF89-5D92032D57B8} = {B67E7BD1-7B26-4236-9A6B-83C28718B74E}
		{8D9E26C2-D851-4DA3-924D-FAD9D1BE27F4} = {B67E7BD1-7B26-4236-9A6B-83C28718B74E}
		{81E193B2-1152-4154-B791-CB0304828BF6} = {B67E7BD1-7B26-4236-9A6B-83C28718B74E}
		{E835F4E5-557E-427B-BA21-D654D83E45C6} = {B62A0D0D-61DD-4C95-B88A-0FE7DE793B50}
		{EE1B99DE-BB24-424F-B3AD-5CBE3E36A7D4} = {B62A0D0D-61DD-4C95-B88A-0FE7DE793B50}
		{116E2214-0034-47D4-A895-295D80EC6058} = {B62A0D0D-61DD-4C95-B88A-0FE7DE793B50}
		{8EEAC741-947B-4B2B-A542-BE90EF66BFE0} = {C5AE62C0-AFB9-475B-A334-34FD1F321310}
		{3E7CCDD2-5089-4EAA-A87C-BADA85A6FAB5} = {C5AE62C0-AFB9-475B-A334-34FD1F321310}
		{7C097076-676F-410A-81D6-A74F86DBF910} = {C5AE62C0-AFB9-475B-A334-34FD1F321310}
	EndGlobalSection
	GlobalSection(ExtensibilityGlobals) = postSolution
		SolutionGuid = {AA9BE06E-A349-4F29-A8D8-03DB91D1BD39}
	EndGlobalSection
EndGlobal
